// !$*UTF8*$!
{
	archiveVersion = 1;
	classes = {
	};
	objectVersion = 60;
	objects = {

/* Begin PBXBuildFile section */
		00826A072C3AB6C10042AD76 /* AppDelegate.swift in Sources */ = {isa = PBXBuildFile; fileRef = 00826A062C3AB6C10042AD76 /* AppDelegate.swift */; };
		00826A0C2C3AB6C10042AD76 /* Game_Engine.xcdatamodeld in Sources */ = {isa = PBXBuildFile; fileRef = 00826A0A2C3AB6C10042AD76 /* Game_Engine.xcdatamodeld */; };
		00826A0E2C3AB6C20042AD76 /* Assets.xcassets in Resources */ = {isa = PBXBuildFile; fileRef = 00826A0D2C3AB6C20042AD76 /* Assets.xcassets */; };
		00826A112C3AB6C20042AD76 /* Base in Resources */ = {isa = PBXBuildFile; fileRef = 00826A102C3AB6C20042AD76 /* Base */; };
		00826A1C2C3AB6C30042AD76 /* Game_EngineTests.swift in Sources */ = {isa = PBXBuildFile; fileRef = 00826A1B2C3AB6C30042AD76 /* Game_EngineTests.swift */; };
		00826A262C3AB6C30042AD76 /* Game_EngineUITests.swift in Sources */ = {isa = PBXBuildFile; fileRef = 00826A252C3AB6C30042AD76 /* Game_EngineUITests.swift */; };
		00826A282C3AB6C30042AD76 /* Game_EngineUITestsLaunchTests.swift in Sources */ = {isa = PBXBuildFile; fileRef = 00826A272C3AB6C30042AD76 /* Game_EngineUITestsLaunchTests.swift */; };
		00826A3A2C3AC3C50042AD76 /* GameView.swift in Sources */ = {isa = PBXBuildFile; fileRef = 00826A392C3AC3C50042AD76 /* GameView.swift */; };
		00826A3E2C3AC4400042AD76 /* MyShaders.metal in Sources */ = {isa = PBXBuildFile; fileRef = 00826A3D2C3AC4400042AD76 /* MyShaders.metal */; };
/* End PBXBuildFile section */

/* Begin PBXContainerItemProxy section */
		00826A182C3AB6C30042AD76 /* PBXContainerItemProxy */ = {
			isa = PBXContainerItemProxy;
			containerPortal = 008269FB2C3AB6C00042AD76 /* Project object */;
			proxyType = 1;
			remoteGlobalIDString = 00826A022C3AB6C10042AD76;
			remoteInfo = "Game Engine";
		};
		00826A222C3AB6C30042AD76 /* PBXContainerItemProxy */ = {
			isa = PBXContainerItemProxy;
			containerPortal = 008269FB2C3AB6C00042AD76 /* Project object */;
			proxyType = 1;
			remoteGlobalIDString = 00826A022C3AB6C10042AD76;
			remoteInfo = "Game Engine";
		};
/* End PBXContainerItemProxy section */

/* Begin PBXFileReference section */
		00826A032C3AB6C10042AD76 /* Game Engine.app */ = {isa = PBXFileReference; explicitFileType = wrapper.application; includeInIndex = 0; path = "Game Engine.app"; sourceTree = BUILT_PRODUCTS_DIR; };
		00826A062C3AB6C10042AD76 /* AppDelegate.swift */ = {isa = PBXFileReference; lastKnownFileType = sourcecode.swift; path = AppDelegate.swift; sourceTree = "<group>"; };
		00826A0B2C3AB6C10042AD76 /* Game_Engine.xcdatamodel */ = {isa = PBXFileReference; lastKnownFileType = wrapper.xcdatamodel; path = Game_Engine.xcdatamodel; sourceTree = "<group>"; };
		00826A0D2C3AB6C20042AD76 /* Assets.xcassets */ = {isa = PBXFileReference; lastKnownFileType = folder.assetcatalog; path = Assets.xcassets; sourceTree = "<group>"; };
		00826A102C3AB6C20042AD76 /* Base */ = {isa = PBXFileReference; lastKnownFileType = file.storyboard; name = Base; path = Base.lproj/Main.storyboard; sourceTree = "<group>"; };
		00826A122C3AB6C20042AD76 /* Game_Engine.entitlements */ = {isa = PBXFileReference; lastKnownFileType = text.plist.entitlements; path = Game_Engine.entitlements; sourceTree = "<group>"; };
		00826A172C3AB6C30042AD76 /* Game EngineTests.xctest */ = {isa = PBXFileReference; explicitFileType = wrapper.cfbundle; includeInIndex = 0; path = "Game EngineTests.xctest"; sourceTree = BUILT_PRODUCTS_DIR; };
		00826A1B2C3AB6C30042AD76 /* Game_EngineTests.swift */ = {isa = PBXFileReference; lastKnownFileType = sourcecode.swift; path = Game_EngineTests.swift; sourceTree = "<group>"; };
		00826A212C3AB6C30042AD76 /* Game EngineUITests.xctest */ = {isa = PBXFileReference; explicitFileType = wrapper.cfbundle; includeInIndex = 0; path = "Game EngineUITests.xctest"; sourceTree = BUILT_PRODUCTS_DIR; };
		00826A252C3AB6C30042AD76 /* Game_EngineUITests.swift */ = {isa = PBXFileReference; lastKnownFileType = sourcecode.swift; path = Game_EngineUITests.swift; sourceTree = "<group>"; };
		00826A272C3AB6C30042AD76 /* Game_EngineUITestsLaunchTests.swift */ = {isa = PBXFileReference; lastKnownFileType = sourcecode.swift; path = Game_EngineUITestsLaunchTests.swift; sourceTree = "<group>"; };
		00826A392C3AC3C50042AD76 /* GameView.swift */ = {isa = PBXFileReference; lastKnownFileType = sourcecode.swift; path = GameView.swift; sourceTree = "<group>"; };
		00826A3D2C3AC4400042AD76 /* MyShaders.metal */ = {isa = PBXFileReference; lastKnownFileType = sourcecode.metal; path = MyShaders.metal; sourceTree = "<group>"; };
/* End PBXFileReference section */

/* Begin PBXFrameworksBuildPhase section */
		00826A002C3AB6C10042AD76 /* Frameworks */ = {
			isa = PBXFrameworksBuildPhase;
			buildActionMask = 2147483647;
			files = (
			);
			runOnlyForDeploymentPostprocessing = 0;
		};
		00826A142C3AB6C30042AD76 /* Frameworks */ = {
			isa = PBXFrameworksBuildPhase;
			buildActionMask = 2147483647;
			files = (
			);
			runOnlyForDeploymentPostprocessing = 0;
		};
		00826A1E2C3AB6C30042AD76 /* Frameworks */ = {
			isa = PBXFrameworksBuildPhase;
			buildActionMask = 2147483647;
			files = (
			);
			runOnlyForDeploymentPostprocessing = 0;
		};
/* End PBXFrameworksBuildPhase section */

/* Begin PBXGroup section */
		008269FA2C3AB6C00042AD76 = {
			isa = PBXGroup;
			children = (
				00826A052C3AB6C10042AD76 /* Game Engine */,
				00826A1A2C3AB6C30042AD76 /* Game EngineTests */,
				00826A242C3AB6C30042AD76 /* Game EngineUITests */,
				00826A042C3AB6C10042AD76 /* Products */,
			);
			sourceTree = "<group>";
		};
		00826A042C3AB6C10042AD76 /* Products */ = {
			isa = PBXGroup;
			children = (
				00826A032C3AB6C10042AD76 /* Game Engine.app */,
				00826A172C3AB6C30042AD76 /* Game EngineTests.xctest */,
				00826A212C3AB6C30042AD76 /* Game EngineUITests.xctest */,
			);
			name = Products;
			sourceTree = "<group>";
		};
		00826A052C3AB6C10042AD76 /* Game Engine */ = {
			isa = PBXGroup;
			children = (
				00826A0F2C3AB6C20042AD76 /* Main.storyboard */,
				00826A352C3AB9BC0042AD76 /* src */,
			);
			path = "Game Engine";
			sourceTree = "<group>";
		};
		00826A1A2C3AB6C30042AD76 /* Game EngineTests */ = {
			isa = PBXGroup;
			children = (
				00826A1B2C3AB6C30042AD76 /* Game_EngineTests.swift */,
			);
			path = "Game EngineTests";
			sourceTree = "<group>";
		};
		00826A242C3AB6C30042AD76 /* Game EngineUITests */ = {
			isa = PBXGroup;
			children = (
				00826A252C3AB6C30042AD76 /* Game_EngineUITests.swift */,
				00826A272C3AB6C30042AD76 /* Game_EngineUITestsLaunchTests.swift */,
			);
			path = "Game EngineUITests";
			sourceTree = "<group>";
		};
		00826A352C3AB9BC0042AD76 /* src */ = {
			isa = PBXGroup;
			children = (
				00826A3D2C3AC4400042AD76 /* MyShaders.metal */,
				00826A392C3AC3C50042AD76 /* GameView.swift */,
				00826A122C3AB6C20042AD76 /* Game_Engine.entitlements */,
				00826A0A2C3AB6C10042AD76 /* Game_Engine.xcdatamodeld */,
				00826A062C3AB6C10042AD76 /* AppDelegate.swift */,
				00826A0D2C3AB6C20042AD76 /* Assets.xcassets */,
			);
			path = src;
			sourceTree = "<group>";
		};
/* End PBXGroup section */

/* Begin PBXNativeTarget section */
		00826A022C3AB6C10042AD76 /* Game Engine */ = {
			isa = PBXNativeTarget;
			buildConfigurationList = 00826A2B2C3AB6C30042AD76 /* Build configuration list for PBXNativeTarget "Game Engine" */;
			buildPhases = (
				008269FF2C3AB6C10042AD76 /* Sources */,
				00826A002C3AB6C10042AD76 /* Frameworks */,
				00826A012C3AB6C10042AD76 /* Resources */,
			);
			buildRules = (
			);
			dependencies = (
			);
			name = "Game Engine";
			productName = "Game Engine";
			productReference = 00826A032C3AB6C10042AD76 /* Game Engine.app */;
			productType = "com.apple.product-type.application";
		};
		00826A162C3AB6C30042AD76 /* Game EngineTests */ = {
			isa = PBXNativeTarget;
			buildConfigurationList = 00826A2E2C3AB6C30042AD76 /* Build configuration list for PBXNativeTarget "Game EngineTests" */;
			buildPhases = (
				00826A132C3AB6C30042AD76 /* Sources */,
				00826A142C3AB6C30042AD76 /* Frameworks */,
				00826A152C3AB6C30042AD76 /* Resources */,
			);
			buildRules = (
			);
			dependencies = (
				00826A192C3AB6C30042AD76 /* PBXTargetDependency */,
			);
			name = "Game EngineTests";
			productName = "Game EngineTests";
			productReference = 00826A172C3AB6C30042AD76 /* Game EngineTests.xctest */;
			productType = "com.apple.product-type.bundle.unit-test";
		};
		00826A202C3AB6C30042AD76 /* Game EngineUITests */ = {
			isa = PBXNativeTarget;
			buildConfigurationList = 00826A312C3AB6C30042AD76 /* Build configuration list for PBXNativeTarget "Game EngineUITests" */;
			buildPhases = (
				00826A1D2C3AB6C30042AD76 /* Sources */,
				00826A1E2C3AB6C30042AD76 /* Frameworks */,
				00826A1F2C3AB6C30042AD76 /* Resources */,
			);
			buildRules = (
			);
			dependencies = (
				00826A232C3AB6C30042AD76 /* PBXTargetDependency */,
			);
			name = "Game EngineUITests";
			productName = "Game EngineUITests";
			productReference = 00826A212C3AB6C30042AD76 /* Game EngineUITests.xctest */;
			productType = "com.apple.product-type.bundle.ui-testing";
		};
/* End PBXNativeTarget section */

/* Begin PBXProject section */
		008269FB2C3AB6C00042AD76 /* Project object */ = {
			isa = PBXProject;
			attributes = {
				BuildIndependentTargetsInParallel = 1;
				LastSwiftUpdateCheck = 1600;
				LastUpgradeCheck = 1600;
				TargetAttributes = {
					00826A022C3AB6C10042AD76 = {
						CreatedOnToolsVersion = 16.0;
					};
					00826A162C3AB6C30042AD76 = {
						CreatedOnToolsVersion = 16.0;
						TestTargetID = 00826A022C3AB6C10042AD76;
					};
					00826A202C3AB6C30042AD76 = {
						CreatedOnToolsVersion = 16.0;
						TestTargetID = 00826A022C3AB6C10042AD76;
					};
				};
			};
			buildConfigurationList = 008269FE2C3AB6C00042AD76 /* Build configuration list for PBXProject "Game Engine" */;
			compatibilityVersion = "Xcode 15.0";
			developmentRegion = en;
			hasScannedForEncodings = 0;
			knownRegions = (
				en,
				Base,
			);
			mainGroup = 008269FA2C3AB6C00042AD76;
			productRefGroup = 00826A042C3AB6C10042AD76 /* Products */;
			projectDirPath = "";
			projectRoot = "";
			targets = (
				00826A022C3AB6C10042AD76 /* Game Engine */,
				00826A162C3AB6C30042AD76 /* Game EngineTests */,
				00826A202C3AB6C30042AD76 /* Game EngineUITests */,
			);
		};
/* End PBXProject section */

/* Begin PBXResourcesBuildPhase section */
		00826A012C3AB6C10042AD76 /* Resources */ = {
			isa = PBXResourcesBuildPhase;
			buildActionMask = 2147483647;
			files = (
				00826A0E2C3AB6C20042AD76 /* Assets.xcassets in Resources */,
				00826A112C3AB6C20042AD76 /* Base in Resources */,
			);
			runOnlyForDeploymentPostprocessing = 0;
		};
		00826A152C3AB6C30042AD76 /* Resources */ = {
			isa = PBXResourcesBuildPhase;
			buildActionMask = 2147483647;
			files = (
			);
			runOnlyForDeploymentPostprocessing = 0;
		};
		00826A1F2C3AB6C30042AD76 /* Resources */ = {
			isa = PBXResourcesBuildPhase;
			buildActionMask = 2147483647;
			files = (
			);
			runOnlyForDeploymentPostprocessing = 0;
		};
/* End PBXResourcesBuildPhase section */

/* Begin PBXSourcesBuildPhase section */
		008269FF2C3AB6C10042AD76 /* Sources */ = {
			isa = PBXSourcesBuildPhase;
			buildActionMask = 2147483647;
			files = (
				00826A3E2C3AC4400042AD76 /* MyShaders.metal in Sources */,
				00826A072C3AB6C10042AD76 /* AppDelegate.swift in Sources */,
				00826A3A2C3AC3C50042AD76 /* GameView.swift in Sources */,
				00826A0C2C3AB6C10042AD76 /* Game_Engine.xcdatamodeld in Sources */,
			);
			runOnlyForDeploymentPostprocessing = 0;
		};
		00826A132C3AB6C30042AD76 /* Sources */ = {
			isa = PBXSourcesBuildPhase;
			buildActionMask = 2147483647;
			files = (
				00826A1C2C3AB6C30042AD76 /* Game_EngineTests.swift in Sources */,
			);
			runOnlyForDeploymentPostprocessing = 0;
		};
		00826A1D2C3AB6C30042AD76 /* Sources */ = {
			isa = PBXSourcesBuildPhase;
			buildActionMask = 2147483647;
			files = (
				00826A282C3AB6C30042AD76 /* Game_EngineUITestsLaunchTests.swift in Sources */,
				00826A262C3AB6C30042AD76 /* Game_EngineUITests.swift in Sources */,
			);
			runOnlyForDeploymentPostprocessing = 0;
		};
/* End PBXSourcesBuildPhase section */

/* Begin PBXTargetDependency section */
		00826A192C3AB6C30042AD76 /* PBXTargetDependency */ = {
			isa = PBXTargetDependency;
			target = 00826A022C3AB6C10042AD76 /* Game Engine */;
			targetProxy = 00826A182C3AB6C30042AD76 /* PBXContainerItemProxy */;
		};
		00826A232C3AB6C30042AD76 /* PBXTargetDependency */ = {
			isa = PBXTargetDependency;
			target = 00826A022C3AB6C10042AD76 /* Game Engine */;
			targetProxy = 00826A222C3AB6C30042AD76 /* PBXContainerItemProxy */;
		};
/* End PBXTargetDependency section */

/* Begin PBXVariantGroup section */
		00826A0F2C3AB6C20042AD76 /* Main.storyboard */ = {
			isa = PBXVariantGroup;
			children = (
				00826A102C3AB6C20042AD76 /* Base */,
			);
			name = Main.storyboard;
			sourceTree = "<group>";
		};
/* End PBXVariantGroup section */

/* Begin XCBuildConfiguration section */
		00826A292C3AB6C30042AD76 /* Debug */ = {
			isa = XCBuildConfiguration;
			buildSettings = {
				ALWAYS_SEARCH_USER_PATHS = NO;
				ASSETCATALOG_COMPILER_GENERATE_SWIFT_ASSET_SYMBOL_EXTENSIONS = YES;
				CLANG_ANALYZER_NONNULL = YES;
				CLANG_ANALYZER_NUMBER_OBJECT_CONVERSION = YES_AGGRESSIVE;
				CLANG_CXX_LANGUAGE_STANDARD = "gnu++20";
				CLANG_ENABLE_MODULES = YES;
				CLANG_ENABLE_OBJC_ARC = YES;
				CLANG_ENABLE_OBJC_WEAK = YES;
				CLANG_WARN_BLOCK_CAPTURE_AUTORELEASING = YES;
				CLANG_WARN_BOOL_CONVERSION = YES;
				CLANG_WARN_COMMA = YES;
				CLANG_WARN_CONSTANT_CONVERSION = YES;
				CLANG_WARN_DEPRECATED_OBJC_IMPLEMENTATIONS = YES;
				CLANG_WARN_DIRECT_OBJC_ISA_USAGE = YES_ERROR;
				CLANG_WARN_DOCUMENTATION_COMMENTS = YES;
				CLANG_WARN_EMPTY_BODY = YES;
				CLANG_WARN_ENUM_CONVERSION = YES;
				CLANG_WARN_INFINITE_RECURSION = YES;
				CLANG_WARN_INT_CONVERSION = YES;
				CLANG_WARN_NON_LITERAL_NULL_CONVERSION = YES;
				CLANG_WARN_OBJC_IMPLICIT_RETAIN_SELF = YES;
				CLANG_WARN_OBJC_LITERAL_CONVERSION = YES;
				CLANG_WARN_OBJC_ROOT_CLASS = YES_ERROR;
				CLANG_WARN_QUOTED_INCLUDE_IN_FRAMEWORK_HEADER = YES;
				CLANG_WARN_RANGE_LOOP_ANALYSIS = YES;
				CLANG_WARN_STRICT_PROTOTYPES = YES;
				CLANG_WARN_SUSPICIOUS_MOVE = YES;
				CLANG_WARN_UNGUARDED_AVAILABILITY = YES_AGGRESSIVE;
				CLANG_WARN_UNREACHABLE_CODE = YES;
				CLANG_WARN__DUPLICATE_METHOD_MATCH = YES;
				COPY_PHASE_STRIP = NO;
				DEBUG_INFORMATION_FORMAT = dwarf;
				ENABLE_STRICT_OBJC_MSGSEND = YES;
				ENABLE_TESTABILITY = YES;
				ENABLE_USER_SCRIPT_SANDBOXING = YES;
				GCC_C_LANGUAGE_STANDARD = gnu17;
				GCC_DYNAMIC_NO_PIC = NO;
				GCC_NO_COMMON_BLOCKS = YES;
				GCC_OPTIMIZATION_LEVEL = 0;
				GCC_PREPROCESSOR_DEFINITIONS = (
					"DEBUG=1",
					"$(inherited)",
				);
				GCC_WARN_64_TO_32_BIT_CONVERSION = YES;
				GCC_WARN_ABOUT_RETURN_TYPE = YES_ERROR;
				GCC_WARN_UNDECLARED_SELECTOR = YES;
				GCC_WARN_UNINITIALIZED_AUTOS = YES_AGGRESSIVE;
				GCC_WARN_UNUSED_FUNCTION = YES;
				GCC_WARN_UNUSED_VARIABLE = YES;
				LOCALIZATION_PREFERS_STRING_CATALOGS = YES;
				MACOSX_DEPLOYMENT_TARGET = 15.0;
				MTL_ENABLE_DEBUG_INFO = INCLUDE_SOURCE;
				MTL_FAST_MATH = YES;
				ONLY_ACTIVE_ARCH = YES;
				SDKROOT = macosx;
				SWIFT_ACTIVE_COMPILATION_CONDITIONS = "DEBUG $(inherited)";
				SWIFT_OPTIMIZATION_LEVEL = "-Onone";
			};
			name = Debug;
		};
		00826A2A2C3AB6C30042AD76 /* Release */ = {
			isa = XCBuildConfiguration;
			buildSettings = {
				ALWAYS_SEARCH_USER_PATHS = NO;
				ASSETCATALOG_COMPILER_GENERATE_SWIFT_ASSET_SYMBOL_EXTENSIONS = YES;
				CLANG_ANALYZER_NONNULL = YES;
				CLANG_ANALYZER_NUMBER_OBJECT_CONVERSION = YES_AGGRESSIVE;
				CLANG_CXX_LANGUAGE_STANDARD = "gnu++20";
				CLANG_ENABLE_MODULES = YES;
				CLANG_ENABLE_OBJC_ARC = YES;
				CLANG_ENABLE_OBJC_WEAK = YES;
				CLANG_WARN_BLOCK_CAPTURE_AUTORELEASING = YES;
				CLANG_WARN_BOOL_CONVERSION = YES;
				CLANG_WARN_COMMA = YES;
				CLANG_WARN_CONSTANT_CONVERSION = YES;
				CLANG_WARN_DEPRECATED_OBJC_IMPLEMENTATIONS = YES;
				CLANG_WARN_DIRECT_OBJC_ISA_USAGE = YES_ERROR;
				CLANG_WARN_DOCUMENTATION_COMMENTS = YES;
				CLANG_WARN_EMPTY_BODY = YES;
				CLANG_WARN_ENUM_CONVERSION = YES;
				CLANG_WARN_INFINITE_RECURSION = YES;
				CLANG_WARN_INT_CONVERSION = YES;
				CLANG_WARN_NON_LITERAL_NULL_CONVERSION = YES;
				CLANG_WARN_OBJC_IMPLICIT_RETAIN_SELF = YES;
				CLANG_WARN_OBJC_LITERAL_CONVERSION = YES;
				CLANG_WARN_OBJC_ROOT_CLASS = YES_ERROR;
				CLANG_WARN_QUOTED_INCLUDE_IN_FRAMEWORK_HEADER = YES;
				CLANG_WARN_RANGE_LOOP_ANALYSIS = YES;
				CLANG_WARN_STRICT_PROTOTYPES = YES;
				CLANG_WARN_SUSPICIOUS_MOVE = YES;
				CLANG_WARN_UNGUARDED_AVAILABILITY = YES_AGGRESSIVE;
				CLANG_WARN_UNREACHABLE_CODE = YES;
				CLANG_WARN__DUPLICATE_METHOD_MATCH = YES;
				COPY_PHASE_STRIP = NO;
				DEBUG_INFORMATION_FORMAT = "dwarf-with-dsym";
				ENABLE_NS_ASSERTIONS = NO;
				ENABLE_STRICT_OBJC_MSGSEND = YES;
				ENABLE_USER_SCRIPT_SANDBOXING = YES;
				GCC_C_LANGUAGE_STANDARD = gnu17;
				GCC_NO_COMMON_BLOCKS = YES;
				GCC_WARN_64_TO_32_BIT_CONVERSION = YES;
				GCC_WARN_ABOUT_RETURN_TYPE = YES_ERROR;
				GCC_WARN_UNDECLARED_SELECTOR = YES;
				GCC_WARN_UNINITIALIZED_AUTOS = YES_AGGRESSIVE;
				GCC_WARN_UNUSED_FUNCTION = YES;
				GCC_WARN_UNUSED_VARIABLE = YES;
				LOCALIZATION_PREFERS_STRING_CATALOGS = YES;
				MACOSX_DEPLOYMENT_TARGET = 15.0;
				MTL_ENABLE_DEBUG_INFO = NO;
				MTL_FAST_MATH = YES;
				SDKROOT = macosx;
				SWIFT_COMPILATION_MODE = wholemodule;
			};
			name = Release;
		};
		00826A2C2C3AB6C30042AD76 /* Debug */ = {
			isa = XCBuildConfiguration;
			buildSettings = {
				ASSETCATALOG_COMPILER_APPICON_NAME = AppIcon;
				ASSETCATALOG_COMPILER_GLOBAL_ACCENT_COLOR_NAME = AccentColor;
				CODE_SIGN_ENTITLEMENTS = "Game Engine/src/Game_Engine.entitlements";
				CODE_SIGN_STYLE = Automatic;
				COMBINE_HIDPI_IMAGES = YES;
				CURRENT_PROJECT_VERSION = 1;
				DEVELOPMENT_TEAM = ZHXH4MD8DA;
				ENABLE_HARDENED_RUNTIME = YES;
				GENERATE_INFOPLIST_FILE = YES;
				INFOPLIST_KEY_NSHumanReadableCopyright = "";
				INFOPLIST_KEY_NSMainStoryboardFile = Main;
				INFOPLIST_KEY_NSPrincipalClass = NSApplication;
				LD_RUNPATH_SEARCH_PATHS = (
					"$(inherited)",
					"@executable_path/../Frameworks",
				);
				MARKETING_VERSION = 1.0;
				PRODUCT_BUNDLE_IDENTIFIER = "com.gabeweinbrenner.Game-Engine";
				PRODUCT_NAME = "$(TARGET_NAME)";
				SWIFT_EMIT_LOC_STRINGS = YES;
				SWIFT_VERSION = 5.0;
			};
			name = Debug;
		};
		00826A2D2C3AB6C30042AD76 /* Release */ = {
			isa = XCBuildConfiguration;
			buildSettings = {
				ASSETCATALOG_COMPILER_APPICON_NAME = AppIcon;
				ASSETCATALOG_COMPILER_GLOBAL_ACCENT_COLOR_NAME = AccentColor;
				CODE_SIGN_ENTITLEMENTS = "Game Engine/src/Game_Engine.entitlements";
				CODE_SIGN_STYLE = Automatic;
				COMBINE_HIDPI_IMAGES = YES;
				CURRENT_PROJECT_VERSION = 1;
				DEVELOPMENT_TEAM = ZHXH4MD8DA;
				ENABLE_HARDENED_RUNTIME = YES;
				GENERATE_INFOPLIST_FILE = YES;
				INFOPLIST_KEY_NSHumanReadableCopyright = "";
				INFOPLIST_KEY_NSMainStoryboardFile = Main;
				INFOPLIST_KEY_NSPrincipalClass = NSApplication;
				LD_RUNPATH_SEARCH_PATHS = (
					"$(inherited)",
					"@executable_path/../Frameworks",
				);
				MARKETING_VERSION = 1.0;
				PRODUCT_BUNDLE_IDENTIFIER = "com.gabeweinbrenner.Game-Engine";
				PRODUCT_NAME = "$(TARGET_NAME)";
				SWIFT_EMIT_LOC_STRINGS = YES;
				SWIFT_VERSION = 5.0;
			};
			name = Release;
		};
		00826A2F2C3AB6C30042AD76 /* Debug */ = {
			isa = XCBuildConfiguration;
			buildSettings = {
				BUNDLE_LOADER = "$(TEST_HOST)";
				CODE_SIGN_STYLE = Automatic;
				CURRENT_PROJECT_VERSION = 1;
				DEVELOPMENT_TEAM = ZHXH4MD8DA;
				GENERATE_INFOPLIST_FILE = YES;
				MACOSX_DEPLOYMENT_TARGET = 15.0;
				MARKETING_VERSION = 1.0;
				PRODUCT_BUNDLE_IDENTIFIER = "com.gabeweinbrenner.Game-EngineTests";
				PRODUCT_NAME = "$(TARGET_NAME)";
				SWIFT_EMIT_LOC_STRINGS = NO;
				SWIFT_VERSION = 5.0;
				TEST_HOST = "$(BUILT_PRODUCTS_DIR)/Game Engine.app/$(BUNDLE_EXECUTABLE_FOLDER_PATH)/Game Engine";
			};
			name = Debug;
		};
		00826A302C3AB6C30042AD76 /* Release */ = {
			isa = XCBuildConfiguration;
			buildSettings = {
				BUNDLE_LOADER = "$(TEST_HOST)";
				CODE_SIGN_STYLE = Automatic;
				CURRENT_PROJECT_VERSION = 1;
				DEVELOPMENT_TEAM = ZHXH4MD8DA;
				GENERATE_INFOPLIST_FILE = YES;
				MACOSX_DEPLOYMENT_TARGET = 15.0;
				MARKETING_VERSION = 1.0;
				PRODUCT_BUNDLE_IDENTIFIER = "com.gabeweinbrenner.Game-EngineTests";
				PRODUCT_NAME = "$(TARGET_NAME)";
				SWIFT_EMIT_LOC_STRINGS = NO;
				SWIFT_VERSION = 5.0;
				TEST_HOST = "$(BUILT_PRODUCTS_DIR)/Game Engine.app/$(BUNDLE_EXECUTABLE_FOLDER_PATH)/Game Engine";
			};
			name = Release;
		};
		00826A322C3AB6C30042AD76 /* Debug */ = {
			isa = XCBuildConfiguration;
			buildSettings = {
				CODE_SIGN_STYLE = Automatic;
				CURRENT_PROJECT_VERSION = 1;
				DEVELOPMENT_TEAM = ZHXH4MD8DA;
				GENERATE_INFOPLIST_FILE = YES;
				MARKETING_VERSION = 1.0;
				PRODUCT_BUNDLE_IDENTIFIER = "com.gabeweinbrenner.Game-EngineUITests";
				PRODUCT_NAME = "$(TARGET_NAME)";
				SWIFT_EMIT_LOC_STRINGS = NO;
				SWIFT_VERSION = 5.0;
				TEST_TARGET_NAME = "Game Engine";
			};
			name = Debug;
		};
		00826A332C3AB6C30042AD76 /* Release */ = {
			isa = XCBuildConfiguration;
			buildSettings = {
				CODE_SIGN_STYLE = Automatic;
				CURRENT_PROJECT_VERSION = 1;
				DEVELOPMENT_TEAM = ZHXH4MD8DA;
				GENERATE_INFOPLIST_FILE = YES;
				MARKETING_VERSION = 1.0;
				PRODUCT_BUNDLE_IDENTIFIER = "com.gabeweinbrenner.Game-EngineUITests";
				PRODUCT_NAME = "$(TARGET_NAME)";
				SWIFT_EMIT_LOC_STRINGS = NO;
				SWIFT_VERSION = 5.0;
				TEST_TARGET_NAME = "Game Engine";
			};
			name = Release;
		};
/* End XCBuildConfiguration section */

/* Begin XCConfigurationList section */
		008269FE2C3AB6C00042AD76 /* Build configuration list for PBXProject "Game Engine" */ = {
			isa = XCConfigurationList;
			buildConfigurations = (
				00826A292C3AB6C30042AD76 /* Debug */,
				00826A2A2C3AB6C30042AD76 /* Release */,
			);
			defaultConfigurationIsVisible = 0;
			defaultConfigurationName = Release;
		};
		00826A2B2C3AB6C30042AD76 /* Build configuration list for PBXNativeTarget "Game Engine" */ = {
			isa = XCConfigurationList;
			buildConfigurations = (
				00826A2C2C3AB6C30042AD76 /* Debug */,
				00826A2D2C3AB6C30042AD76 /* Release */,
			);
			defaultConfigurationIsVisible = 0;
			defaultConfigurationName = Release;
		};
		00826A2E2C3AB6C30042AD76 /* Build configuration list for PBXNativeTarget "Game EngineTests" */ = {
			isa = XCConfigurationList;
			buildConfigurations = (
				00826A2F2C3AB6C30042AD76 /* Debug */,
				00826A302C3AB6C30042AD76 /* Release */,
			);
			defaultConfigurationIsVisible = 0;
			defaultConfigurationName = Release;
		};
		00826A312C3AB6C30042AD76 /* Build configuration list for PBXNativeTarget "Game EngineUITests" */ = {
			isa = XCConfigurationList;
			buildConfigurations = (
				00826A322C3AB6C30042AD76 /* Debug */,
				00826A332C3AB6C30042AD76 /* Release */,
			);
			defaultConfigurationIsVisible = 0;
			defaultConfigurationName = Release;
		};
/* End XCConfigurationList section */

/* Begin XCVersionGroup section */
		00826A0A2C3AB6C10042AD76 /* Game_Engine.xcdatamodeld */ = {
			isa = XCVersionGroup;
			children = (
				00826A0B2C3AB6C10042AD76 /* Game_Engine.xcdatamodel */,
			);
			currentVersion = 00826A0B2C3AB6C10042AD76 /* Game_Engine.xcdatamodel */;
			path = Game_Engine.xcdatamodeld;
			sourceTree = "<group>";
			versionGroupType = wrapper.xcdatamodel;
		};
/* End XCVersionGroup section */
	};
	rootObject = 008269FB2C3AB6C00042AD76 /* Project object */;
}
